{
  "version": "5",
  "specifiers": {
    "jsr:@denosaurs/plug@^1.0.6": "1.1.0",
    "jsr:@felix/bcrypt@^1.0.5": "1.0.5",
    "jsr:@oak/commons@1": "1.0.1",
    "jsr:@oak/oak@*": "17.1.4",
    "jsr:@std/assert@1": "1.0.13",
    "jsr:@std/bytes@1": "1.0.6",
    "jsr:@std/crypto@1": "1.0.5",
    "jsr:@std/encoding@0.224.0": "0.224.0",
    "jsr:@std/encoding@1": "1.0.10",
    "jsr:@std/encoding@^1.0.10": "1.0.10",
    "jsr:@std/fmt@1": "1.0.8",
    "jsr:@std/fs@1": "1.0.18",
    "jsr:@std/http@1": "1.0.18",
    "jsr:@std/internal@^1.0.6": "1.0.8",
    "jsr:@std/media-types@1": "1.1.0",
    "jsr:@std/path@1": "1.1.0",
    "jsr:@std/path@^1.1.0": "1.1.0",
    "jsr:@zaubrik/djwt@^3.0.2": "3.0.2",
    "npm:@prisma/client@^6.10.1": "6.10.1",
    "npm:@prisma/extension-accelerate@^2.0.1": "2.0.1_@prisma+client@6.10.1",
    "npm:@types/node@*": "22.15.15",
    "npm:dotenv-cli@8": "8.0.0",
    "npm:path-to-regexp@^6.3.0": "6.3.0",
    "npm:prisma@*": "6.10.1"
  },
  "jsr": {
    "@denosaurs/plug@1.1.0": {
      "integrity": "eb2f0b7546c7bca2000d8b0282c54d50d91cf6d75cb26a80df25a6de8c4bc044",
      "dependencies": [
        "jsr:@std/encoding@1",
        "jsr:@std/fmt",
        "jsr:@std/fs",
        "jsr:@std/path@1"
      ]
    },
    "@felix/bcrypt@1.0.5": {
      "integrity": "c8312e10cfda0e34c06c0d906667a0c602b472b7c64c75cfdcb44b934b885836",
      "dependencies": [
        "jsr:@denosaurs/plug"
      ]
    },
    "@oak/commons@1.0.1": {
      "integrity": "889ff210f0b4292591721be07244ecb1b5c118742f5273c70cf30d7cd4184d0c",
      "dependencies": [
        "jsr:@std/assert",
        "jsr:@std/bytes",
        "jsr:@std/crypto",
        "jsr:@std/encoding@1",
        "jsr:@std/http",
        "jsr:@std/media-types"
      ]
    },
    "@oak/oak@17.1.4": {
      "integrity": "60530b582bf276ff741e39cc664026781aa08dd5f2bc5134d756cc427bf2c13e",
      "dependencies": [
        "jsr:@oak/commons",
        "jsr:@std/assert",
        "jsr:@std/bytes",
        "jsr:@std/http",
        "jsr:@std/media-types",
        "jsr:@std/path@1",
        "npm:path-to-regexp"
      ]
    },
    "@std/assert@1.0.13": {
      "integrity": "ae0d31e41919b12c656c742b22522c32fb26ed0cba32975cb0de2a273cb68b29",
      "dependencies": [
        "jsr:@std/internal"
      ]
    },
    "@std/bytes@1.0.6": {
      "integrity": "f6ac6adbd8ccd99314045f5703e23af0a68d7f7e58364b47d2c7f408aeb5820a"
    },
    "@std/crypto@1.0.5": {
      "integrity": "0dcfbb319fe0bba1bd3af904ceb4f948cde1b92979ec1614528380ed308a3b40"
    },
    "@std/encoding@0.224.0": {
      "integrity": "efb6dca97d3e9c31392bd5c8cfd9f9fc9decf5a1f4d1f78af7900a493bcf89b5"
    },
    "@std/encoding@1.0.10": {
      "integrity": "8783c6384a2d13abd5e9e87a7ae0520a30e9f56aeeaa3bdf910a3eaaf5c811a1"
    },
    "@std/fmt@1.0.8": {
      "integrity": "71e1fc498787e4434d213647a6e43e794af4fd393ef8f52062246e06f7e372b7"
    },
    "@std/fs@1.0.18": {
      "integrity": "24bcad99eab1af4fde75e05da6e9ed0e0dce5edb71b7e34baacf86ffe3969f3a",
      "dependencies": [
        "jsr:@std/path@^1.1.0"
      ]
    },
    "@std/http@1.0.18": {
      "integrity": "8d9546aa532c52a0cf318c74616db0638b4c1073405355d1b14f9e1591dccf20",
      "dependencies": [
        "jsr:@std/encoding@^1.0.10"
      ]
    },
    "@std/internal@1.0.8": {
      "integrity": "fc66e846d8d38a47cffd274d80d2ca3f0de71040f855783724bb6b87f60891f5"
    },
    "@std/media-types@1.1.0": {
      "integrity": "c9d093f0c05c3512932b330e3cc1fe1d627b301db33a4c2c2185c02471d6eaa4"
    },
    "@std/path@1.1.0": {
      "integrity": "ddc94f8e3c275627281cbc23341df6b8bcc874d70374f75fec2533521e3d6886"
    },
    "@zaubrik/djwt@3.0.2": {
      "integrity": "8070adaa49cd9e5d2b8ae82fd461132c966ef2f8ff8378db4a4da8df4f17c664",
      "dependencies": [
        "jsr:@std/encoding@0.224.0"
      ]
    }
  },
  "npm": {
    "@prisma/client@6.10.1": {
      "integrity": "sha512-Re4pMlcUsQsUTAYMK7EJ4Bw2kg3WfZAAlr8GjORJaK4VOP6LxRQUQ1TuLnxcF42XqGkWQ36q5CQF1yVadANQ6w==",
      "scripts": true
    },
    "@prisma/config@6.10.1": {
      "integrity": "sha512-kz4/bnqrOrzWo8KzYguN0cden4CzLJJ+2VSpKtF8utHS3l1JS0Lhv6BLwpOX6X9yNreTbZQZwewb+/BMPDCIYQ==",
      "dependencies": [
        "jiti"
      ]
    },
    "@prisma/debug@6.10.1": {
      "integrity": "sha512-k2YT53cWxv9OLjW4zSYTZ6Z7j0gPfCzcr2Mj99qsuvlxr8WAKSZ2NcSR0zLf/mP4oxnYG842IMj3utTgcd7CaA=="
    },
    "@prisma/engines-version@6.10.1-1.9b628578b3b7cae625e8c927178f15a170e74a9c": {
      "integrity": "sha512-ZJFTsEqapiTYVzXya6TUKYDFnSWCNegfUiG5ik9fleQva5Sk3DNyyUi7X1+0ZxWFHwHDr6BZV5Vm+iwP+LlciA=="
    },
    "@prisma/engines@6.10.1": {
      "integrity": "sha512-Q07P5rS2iPwk2IQr/rUQJ42tHjpPyFcbiH7PXZlV81Ryr9NYIgdxcUrwgVOWVm5T7ap02C0dNd1dpnNcSWig8A==",
      "dependencies": [
        "@prisma/debug",
        "@prisma/engines-version",
        "@prisma/fetch-engine",
        "@prisma/get-platform"
      ],
      "scripts": true
    },
    "@prisma/extension-accelerate@2.0.1_@prisma+client@6.10.1": {
      "integrity": "sha512-KSQlLC5F1qxFQCqSP8SnCwhkv9SE40v8WR+UjHdRce0R7Fv/K3IfJJNANGFx5MNoOypK1VN6wfvRr6CNA/l+BQ==",
      "dependencies": [
        "@prisma/client"
      ]
    },
    "@prisma/fetch-engine@6.10.1": {
      "integrity": "sha512-clmbG/Jgmrc/n6Y77QcBmAUlq9LrwI9Dbgy4pq5jeEARBpRCWJDJ7PWW1P8p0LfFU0i5fsyO7FqRzRB8mkdS4g==",
      "dependencies": [
        "@prisma/debug",
        "@prisma/engines-version",
        "@prisma/get-platform"
      ]
    },
    "@prisma/get-platform@6.10.1": {
      "integrity": "sha512-4CY5ndKylcsce9Mv+VWp5obbR2/86SHOLVV053pwIkhVtT9C9A83yqiqI/5kJM9T1v1u1qco/bYjDKycmei9HA==",
      "dependencies": [
        "@prisma/debug"
      ]
    },
    "@types/node@22.15.15": {
      "integrity": "sha512-R5muMcZob3/Jjchn5LcO8jdKwSCbzqmPB6ruBxMcf9kbxtniZHP327s6C37iOfuw8mbKK3cAQa7sEl7afLrQ8A==",
      "dependencies": [
        "undici-types"
      ]
    },
    "cross-spawn@7.0.6": {
      "integrity": "sha512-uV2QOWP2nWzsy2aMp8aRibhi9dlzF5Hgh5SHaB9OiTGEyDTiJJyx0uy51QXdyWbtAHNua4XJzUKca3OzKUd3vA==",
      "dependencies": [
        "path-key",
        "shebang-command",
        "which"
      ]
    },
    "dotenv-cli@8.0.0": {
      "integrity": "sha512-aLqYbK7xKOiTMIRf1lDPbI+Y+Ip/wo5k3eyp6ePysVaSqbyxjyK3dK35BTxG+rmd7djf5q2UPs4noPNH+cj0Qw==",
      "dependencies": [
        "cross-spawn",
        "dotenv",
        "dotenv-expand",
        "minimist"
      ],
      "bin": true
    },
    "dotenv-expand@10.0.0": {
      "integrity": "sha512-GopVGCpVS1UKH75VKHGuQFqS1Gusej0z4FyQkPdwjil2gNIv+LNsqBlboOzpJFZKVT95GkCyWJbBSdFEFUWI2A=="
    },
    "dotenv@16.5.0": {
      "integrity": "sha512-m/C+AwOAr9/W1UOIZUo232ejMNnJAJtYQjUbHoNTBNTJSvqzzDh7vnrei3o3r3m9blf6ZoDkvcw0VmozNRFJxg=="
    },
    "isexe@2.0.0": {
      "integrity": "sha512-RHxMLp9lnKHGHRng9QFhRCMbYAcVpn69smSGcq3f36xjgVVWThj4qqLbTLlq7Ssj8B+fIQ1EuCEGI2lKsyQeIw=="
    },
    "jiti@2.4.2": {
      "integrity": "sha512-rg9zJN+G4n2nfJl5MW3BMygZX56zKPNVEYYqq7adpmMh4Jn2QNEwhvQlFy6jPVdcod7txZtKHWnyZiA3a0zP7A==",
      "bin": true
    },
    "minimist@1.2.8": {
      "integrity": "sha512-2yyAR8qBkN3YuheJanUpWC5U3bb5osDywNB8RzDVlDwDHbocAJveqqj1u8+SVD7jkWT4yvsHCpWqqWqAxb0zCA=="
    },
    "path-key@3.1.1": {
      "integrity": "sha512-ojmeN0qd+y0jszEtoY48r0Peq5dwMEkIlCOu6Q5f41lfkswXuKtYrhgoTpLnyIcHm24Uhqx+5Tqm2InSwLhE6Q=="
    },
    "path-to-regexp@6.3.0": {
      "integrity": "sha512-Yhpw4T9C6hPpgPeA28us07OJeqZ5EzQTkbfwuhsUg0c237RomFoETJgmp2sa3F/41gfLE6G5cqcYwznmeEeOlQ=="
    },
    "prisma@6.10.1": {
      "integrity": "sha512-khhlC/G49E4+uyA3T3H5PRBut486HD2bDqE2+rvkU0pwk9IAqGFacLFUyIx9Uw+W2eCtf6XGwsp+/strUwMNPw==",
      "dependencies": [
        "@prisma/config",
        "@prisma/engines"
      ],
      "scripts": true,
      "bin": true
    },
    "shebang-command@2.0.0": {
      "integrity": "sha512-kHxr2zZpYtdmrN1qDjrrX/Z1rR1kG8Dx+gkpK1G4eXmvXswmcE1hTWBWYUzlraYw1/yZp6YuDY77YtvbN0dmDA==",
      "dependencies": [
        "shebang-regex"
      ]
    },
    "shebang-regex@3.0.0": {
      "integrity": "sha512-7++dFhtcx3353uBaq8DDR4NuxBetBzC7ZQOhmTQInHEd6bSrXdiEyzCvG07Z44UYdLShWUyXt5M/yhz8ekcb1A=="
    },
    "undici-types@6.21.0": {
      "integrity": "sha512-iwDZqg0QAGrg9Rav5H4n0M64c3mkR59cJ6wQp+7C4nI0gsmExaedaYLNO44eT4AtBBwjbTiGPMlt2Md0T9H9JQ=="
    },
    "which@2.0.2": {
      "integrity": "sha512-BLI3Tl1TW3Pvl70l3yq3Y64i+awpwXqsGBYWkkqMtnbXgrMD+yj7rhW0kuEDxzJaYXGjEW5ogapKNMEKNMjibA==",
      "dependencies": [
        "isexe"
      ],
      "bin": true
    }
  },
  "redirects": {
    "https://deno.land/": "https://deno.com/",
    "https://deno.land/std": "https://deno.land/std@0.224.0",
    "https://deno.land/x/bcrypt_ffi/mod.ts": "https://deno.land/x/bcrypt_ffi@v0.3.0/mod.ts"
  },
  "remote": {
    "https://deno.land/std@0.140.0/async/abortable.ts": "87aa7230be8360c24ad437212311c9e8d4328854baec27b4c7abb26e85515c06",
    "https://deno.land/std@0.140.0/async/deadline.ts": "48ac998d7564969f3e6ec6b6f9bf0217ebd00239b1b2292feba61272d5dd58d0",
    "https://deno.land/std@0.140.0/async/debounce.ts": "564273ef242bcfcda19a439132f940db8694173abffc159ea34f07d18fc42620",
    "https://deno.land/std@0.140.0/async/deferred.ts": "bc18e28108252c9f67dfca2bbc4587c3cbf3aeb6e155f8c864ca8ecff992b98a",
    "https://deno.land/std@0.140.0/async/delay.ts": "cbbdf1c87d1aed8edc7bae13592fb3e27e3106e0748f089c263390d4f49e5f6c",
    "https://deno.land/std@0.140.0/async/mod.ts": "6e42e275b44367361a81842dd1a789c55ab206d7c8a877d7163ab5c460625be6",
    "https://deno.land/std@0.140.0/async/mux_async_iterator.ts": "f4d1d259b0c694d381770ddaaa4b799a94843eba80c17f4a2ec2949168e52d1e",
    "https://deno.land/std@0.140.0/async/pool.ts": "97b0dd27c69544e374df857a40902e74e39532f226005543eabacb551e277082",
    "https://deno.land/std@0.140.0/async/tee.ts": "1341feb1f5b1a96f8628d0f8fc07d8c43d3813423f18a63bf1b4785568d21b1f",
    "https://deno.land/std@0.140.0/http/server.ts": "3da75405704bebcf212a55966a68a489f7e094ba52b5d38f181fe0ef8461a55d",
    "https://deno.land/x/bcrypt_ffi@v0.3.0/bindings/bindings.ts": "4baa8af6bd11a97f443d20000846fdbbbd10f85f5616e7395a9a0fc8f29cbe98",
    "https://deno.land/x/bcrypt_ffi@v0.3.0/helper.ts": "70a035fd0cebb70a680b28dca6e7f949e91ecc301aa299844374c5706d72a7c3",
    "https://deno.land/x/bcrypt_ffi@v0.3.0/mod.ts": "2dc3991ca869eccc6a831a13b7d3488fd139ceead2868263bbf73a97ffcb6fa7",
    "https://deno.land/x/zod@v3.16.1/ZodError.ts": "6e56e6416bbbad3539b577b7636dc198e5d87cf59f1ceb4e7b58d1d38190c2f7",
    "https://deno.land/x/zod@v3.16.1/external.ts": "433e13ff774fef22d416027308db33cacb719774898372ec5faa32bb572f11dc",
    "https://deno.land/x/zod@v3.16.1/helpers/errorUtil.ts": "7a77328240be7b847af6de9189963bd9f79cab32bbc61502a9db4fe6683e2ea7",
    "https://deno.land/x/zod@v3.16.1/helpers/parseUtil.ts": "2611b41b579f551fcf0799415f9793709637bc7c7778bf53aab73cea92e859db",
    "https://deno.land/x/zod@v3.16.1/helpers/partialUtil.ts": "8dc921a02b47384cf52217c7e539268daf619f89319b75bdf13ea178815725df",
    "https://deno.land/x/zod@v3.16.1/helpers/typeAliases.ts": "a1a8d039eb98925f242f5ea1e21e6d3cabd7f05e9747680165c914695c979b4f",
    "https://deno.land/x/zod@v3.16.1/helpers/util.ts": "1d28cc4dfde641f20d8544a1a747cf745d5eda0c5cdeaca8a29837991254a67d",
    "https://deno.land/x/zod@v3.16.1/index.ts": "035a7422d9f2be54daa0fe464254b69225b443000673e4794095d672471e8792",
    "https://deno.land/x/zod@v3.16.1/mod.ts": "64e55237cb4410e17d968cd08975566059f27638ebb0b86048031b987ba251c4",
    "https://deno.land/x/zod@v3.16.1/types.ts": "fff4c7909b1919989c4cc1abe6218dfbdb53e197cacb2dfad2831dbd71dc56d2"
  },
  "workspace": {
    "dependencies": [
      "jsr:@felix/bcrypt@^1.0.5",
      "jsr:@oak/oak@*",
      "jsr:@std/assert@1",
      "jsr:@zaubrik/djwt@^3.0.2",
      "npm:@prisma/client@^6.10.1",
      "npm:@prisma/extension-accelerate@^2.0.1",
      "npm:dotenv-cli@8"
    ],
    "packageJson": {
      "dependencies": [
        "npm:@prisma/client@^6.10.1",
        "npm:@prisma/extension-accelerate@^2.0.1",
        "npm:dotenv-cli@8",
        "npm:prisma@^6.10.1"
      ]
    }
  }
}
